{
    "_readme": [
        "This file locks the dependencies of your project to a known state",
        "Read more about it at https://getcomposer.org/doc/01-basic-usage.md#composer-lock-the-lock-file",
        "This file is @generated automatically"
    ],
    "hash": "2a110872388d56d0fdbff32868de4c2e",
    "content-hash": "a0149af4eb0a0d22d8eb89cd3727b4e5",
    "packages": [
        {
            "name": "filp/whoops",
            "version": "2.1.5",
            "source": {
                "type": "git",
                "url": "https://github.com/filp/whoops.git",
                "reference": "2abce9d956589122c6443d6265f01cf7e9388e3c"
            },
            "dist": {
                "type": "zip",
                "url": "https://api.github.com/repos/filp/whoops/zipball/2abce9d956589122c6443d6265f01cf7e9388e3c",
                "reference": "2abce9d956589122c6443d6265f01cf7e9388e3c",
                "shasum": ""
            },
            "require": {
                "php": "^5.5.9 || ^7.0"
            },
            "require-dev": {
                "mockery/mockery": "0.9.*",
                "phpunit/phpunit": "^4.8 || ^5.0",
                "symfony/var-dumper": "^2.6 || ^3.0"
            },
            "suggest": {
                "symfony/var-dumper": "Pretty print complex values better with var-dumper available",
                "whoops/soap": "Formats errors as SOAP responses"
            },
            "type": "library",
            "extra": {
                "branch-alias": {
                    "dev-master": "2.0-dev"
                }
            },
            "autoload": {
                "psr-4": {
                    "Whoops\\": "src/Whoops/"
                }
            },
            "notification-url": "https://packagist.org/downloads/",
            "license": [
                "MIT"
            ],
            "authors": [
                {
                    "name": "Filipe Dobreira",
                    "homepage": "https://github.com/filp",
                    "role": "Developer"
                }
            ],
            "description": "php error handling for cool kids",
            "homepage": "https://filp.github.io/whoops/",
            "keywords": [
                "error",
                "exception",
                "handling",
                "library",
                "whoops",
                "zf2"
            ],
            "time": "2016-12-26 16:13:31"
        },
        {
            "name": "kitrix/core",
            "version": "dev-master",
            "source": {
                "type": "git",
                "url": "https://github.com/kitrix-org/core.git",
                "reference": "17cfe911c1dee601b541e0494ad9f60970211dd6"
            },
            "dist": {
                "type": "zip",
                "url": "https://api.github.com/repos/kitrix-org/core/zipball/17cfe911c1dee601b541e0494ad9f60970211dd6",
                "reference": "17cfe911c1dee601b541e0494ad9f60970211dd6",
                "shasum": ""
            },
            "require": {
                "filp/whoops": "^2.1",
                "league/plates": "^3.3",
                "symfony/routing": "^3.2"
            },
            "require-dev": {
                "phpunit/phpunit": "^6.0"
            },
            "type": "library",
            "extra": {
                "isKitrixPlugin": true
            },
            "autoload": {
                "psr-4": {
                    "Kitrix\\": "src/"
                }
            },
            "notification-url": "https://packagist.org/downloads/",
            "license": [
                "GPL-3.0"
            ],
            "authors": [
                {
                    "name": "Fe3dback",
                    "email": "fe3dback@yandex.ru"
                }
            ],
            "description": "Core class for other kitrix plugins.",
            "time": "2017-02-16 10:16:55"
        },
        {
            "name": "league/plates",
            "version": "3.3.0",
            "source": {
                "type": "git",
                "url": "https://github.com/thephpleague/plates.git",
                "reference": "b1684b6f127714497a0ef927ce42c0b44b45a8af"
            },
            "dist": {
                "type": "zip",
                "url": "https://api.github.com/repos/thephpleague/plates/zipball/b1684b6f127714497a0ef927ce42c0b44b45a8af",
                "reference": "b1684b6f127714497a0ef927ce42c0b44b45a8af",
                "shasum": ""
            },
            "require": {
                "php": "^5.3 | ^7.0"
            },
            "require-dev": {
                "mikey179/vfsstream": "^1.4",
                "phpunit/phpunit": "~4.0",
                "squizlabs/php_codesniffer": "~1.5"
            },
            "type": "library",
            "extra": {
                "branch-alias": {
                    "dev-master": "3.0-dev"
                }
            },
            "autoload": {
                "psr-4": {
                    "League\\Plates\\": "src"
                }
            },
            "notification-url": "https://packagist.org/downloads/",
            "license": [
                "MIT"
            ],
            "authors": [
                {
                    "name": "Jonathan Reinink",
                    "email": "jonathan@reinink.ca",
                    "role": "Developer"
                }
            ],
            "description": "Plates, the native PHP template system that's fast, easy to use and easy to extend.",
            "homepage": "http://platesphp.com",
            "keywords": [
                "league",
                "package",
                "templates",
                "templating",
                "views"
            ],
            "time": "2016-12-28 00:14:17"
        },
        {
            "name": "symfony/routing",
            "version": "dev-master",
            "source": {
                "type": "git",
                "url": "https://github.com/symfony/routing.git",
                "reference": "bd04b3246221603b37264636a5058a2b5e56ce0c"
            },
            "dist": {
                "type": "zip",
                "url": "https://api.github.com/repos/symfony/routing/zipball/bd04b3246221603b37264636a5058a2b5e56ce0c",
                "reference": "bd04b3246221603b37264636a5058a2b5e56ce0c",
                "shasum": ""
            },
            "require": {
                "php": ">=5.5.9"
            },
            "conflict": {
                "symfony/config": "<2.8"
            },
            "require-dev": {
                "doctrine/annotations": "~1.0",
                "doctrine/common": "~2.2",
                "psr/log": "~1.0",
                "symfony/config": "~2.8|~3.0",
                "symfony/expression-language": "~2.8|~3.0",
                "symfony/http-foundation": "~2.8|~3.0",
                "symfony/yaml": "~2.8|~3.0"
            },
            "suggest": {
                "doctrine/annotations": "For using the annotation loader",
                "symfony/config": "For using the all-in-one router or any loader",
                "symfony/dependency-injection": "For loading routes from a service",
                "symfony/expression-language": "For using expression matching",
                "symfony/http-foundation": "For using a Symfony Request object",
                "symfony/yaml": "For using the YAML loader"
            },
            "type": "library",
            "extra": {
                "branch-alias": {
                    "dev-master": "3.3-dev"
                }
            },
            "autoload": {
                "psr-4": {
                    "Symfony\\Component\\Routing\\": ""
                },
                "exclude-from-classmap": [
                    "/Tests/"
                ]
            },
            "notification-url": "https://packagist.org/downloads/",
            "license": [
                "MIT"
            ],
            "authors": [
                {
                    "name": "Fabien Potencier",
                    "email": "fabien@symfony.com"
                },
                {
                    "name": "Symfony Community",
                    "homepage": "https://symfony.com/contributors"
                }
            ],
            "description": "Symfony Routing Component",
            "homepage": "https://symfony.com",
            "keywords": [
                "router",
                "routing",
                "uri",
                "url"
            ],
            "time": "2017-02-12 19:14:59"
        }
    ],
    "packages-dev": [],
    "aliases": [],
    "minimum-stability": "dev",
    "stability-flags": {
        "kitrix/core": 20
    },
    "prefer-stable": false,
    "prefer-lowest": false,
    "platform": [],
    "platform-dev": []
}
